
Microsoft Visual Studio Solution File, Format Version 12.00
# Visual Studio Version 17
VisualStudioVersion = 17.1.32319.34
MinimumVisualStudioVersion = 10.0.40219.1
Project("{FAE04EC0-301F-11D3-BF4B-00C04F79EFBC}") = "WeatherApp", "WeatherApp\WeatherApp.csproj", "{CD0A5140-73DE-475C-B9FF-D89F4E23B0E3}"
EndProject
Project("{2150E333-8FDC-42A3-9474-1A3956D46DE8}") = "Business", "Business", "{E55DC0E1-0C98-4ACC-824A-2974A4B86FF0}"
EndProject
Project("{2150E333-8FDC-42A3-9474-1A3956D46DE8}") = "Data", "Data", "{D0BF97CC-0779-411A-A166-D0EAC523A308}"
EndProject
Project("{FAE04EC0-301F-11D3-BF4B-00C04F79EFBC}") = "WeatherApp.Business.Validators", "WeatherApp.Business.Validators\WeatherApp.Business.Validators.csproj", "{FF892736-5287-4C10-8C09-8E7215DEFCC5}"
EndProject
Project("{FAE04EC0-301F-11D3-BF4B-00C04F79EFBC}") = "WeatherApp.Data.Contracts", "WeatherApp.Data.Contracts\WeatherApp.Data.Contracts.csproj", "{704A11DA-6830-4797-AA67-84F78E197FFC}"
EndProject
Project("{FAE04EC0-301F-11D3-BF4B-00C04F79EFBC}") = "WeatherApp.Data.Models", "WeatherApp.Data.Models\WeatherApp.Data.Models.csproj", "{2F6053A6-9197-44BD-B2C2-5CA21AEAFECA}"
EndProject
Project("{FAE04EC0-301F-11D3-BF4B-00C04F79EFBC}") = "WeatherApp.Data.Services", "WeatherApp.Data.Services\WeatherApp.Data.Services.csproj", "{4D1220CE-A332-413A-AC9F-F39F2BCC9BA6}"
EndProject
Global
	GlobalSection(SolutionConfigurationPlatforms) = preSolution
		Debug|Any CPU = Debug|Any CPU
		Release|Any CPU = Release|Any CPU
	EndGlobalSection
	GlobalSection(ProjectConfigurationPlatforms) = postSolution
		{CD0A5140-73DE-475C-B9FF-D89F4E23B0E3}.Debug|Any CPU.ActiveCfg = Debug|Any CPU
		{CD0A5140-73DE-475C-B9FF-D89F4E23B0E3}.Debug|Any CPU.Build.0 = Debug|Any CPU
		{CD0A5140-73DE-475C-B9FF-D89F4E23B0E3}.Release|Any CPU.ActiveCfg = Release|Any CPU
		{CD0A5140-73DE-475C-B9FF-D89F4E23B0E3}.Release|Any CPU.Build.0 = Release|Any CPU
		{FF892736-5287-4C10-8C09-8E7215DEFCC5}.Debug|Any CPU.ActiveCfg = Debug|Any CPU
		{FF892736-5287-4C10-8C09-8E7215DEFCC5}.Debug|Any CPU.Build.0 = Debug|Any CPU
		{FF892736-5287-4C10-8C09-8E7215DEFCC5}.Release|Any CPU.ActiveCfg = Release|Any CPU
		{FF892736-5287-4C10-8C09-8E7215DEFCC5}.Release|Any CPU.Build.0 = Release|Any CPU
		{704A11DA-6830-4797-AA67-84F78E197FFC}.Debug|Any CPU.ActiveCfg = Debug|Any CPU
		{704A11DA-6830-4797-AA67-84F78E197FFC}.Debug|Any CPU.Build.0 = Debug|Any CPU
		{704A11DA-6830-4797-AA67-84F78E197FFC}.Release|Any CPU.ActiveCfg = Release|Any CPU
		{704A11DA-6830-4797-AA67-84F78E197FFC}.Release|Any CPU.Build.0 = Release|Any CPU
		{2F6053A6-9197-44BD-B2C2-5CA21AEAFECA}.Debug|Any CPU.ActiveCfg = Debug|Any CPU
		{2F6053A6-9197-44BD-B2C2-5CA21AEAFECA}.Debug|Any CPU.Build.0 = Debug|Any CPU
		{2F6053A6-9197-44BD-B2C2-5CA21AEAFECA}.Release|Any CPU.ActiveCfg = Release|Any CPU
		{2F6053A6-9197-44BD-B2C2-5CA21AEAFECA}.Release|Any CPU.Build.0 = Release|Any CPU
		{4D1220CE-A332-413A-AC9F-F39F2BCC9BA6}.Debug|Any CPU.ActiveCfg = Debug|Any CPU
		{4D1220CE-A332-413A-AC9F-F39F2BCC9BA6}.Debug|Any CPU.Build.0 = Debug|Any CPU
		{4D1220CE-A332-413A-AC9F-F39F2BCC9BA6}.Release|Any CPU.ActiveCfg = Release|Any CPU
		{4D1220CE-A332-413A-AC9F-F39F2BCC9BA6}.Release|Any CPU.Build.0 = Release|Any CPU
	EndGlobalSection
	GlobalSection(SolutionProperties) = preSolution
		HideSolutionNode = FALSE
	EndGlobalSection
	GlobalSection(NestedProjects) = preSolution
		{FF892736-5287-4C10-8C09-8E7215DEFCC5} = {E55DC0E1-0C98-4ACC-824A-2974A4B86FF0}
		{704A11DA-6830-4797-AA67-84F78E197FFC} = {D0BF97CC-0779-411A-A166-D0EAC523A308}
		{2F6053A6-9197-44BD-B2C2-5CA21AEAFECA} = {D0BF97CC-0779-411A-A166-D0EAC523A308}
		{4D1220CE-A332-413A-AC9F-F39F2BCC9BA6} = {D0BF97CC-0779-411A-A166-D0EAC523A308}
	EndGlobalSection
	GlobalSection(ExtensibilityGlobals) = postSolution
		SolutionGuid = {82CBED9B-010B-489C-932D-76E2D3808797}
	EndGlobalSection
EndGlobal
